
Microsoft Visual Studio Solution File, Format Version 12.00
# Visual Studio Version 17
VisualStudioVersion = 17.11.35219.272
MinimumVisualStudioVersion = 10.0.40219.1
Project("{FAE04EC0-301F-11D3-BF4B-00C04F79EFBC}") = "Calci", "Calci\Calci.csproj", "{31905207-6035-4877-9582-D4C4EBB03F49}"
EndProject
Global
	GlobalSection(SolutionConfigurationPlatforms) = preSolution
		Debug|Any CPU = Debug|Any CPU
		Release|Any CPU = Release|Any CPU
	EndGlobalSection
	GlobalSection(ProjectConfigurationPlatforms) = postSolution
		{31905207-6035-4877-9582-D4C4EBB03F49}.Debug|Any CPU.ActiveCfg = Debug|Any CPU
		{31905207-6035-4877-9582-D4C4EBB03F49}.Debug|Any CPU.Build.0 = Debug|Any CPU
		{31905207-6035-4877-9582-D4C4EBB03F49}.Release|Any CPU.ActiveCfg = Release|Any CPU
		{31905207-6035-4877-9582-D4C4EBB03F49}.Release|Any CPU.Build.0 = Release|Any CPU
	EndGlobalSection
	GlobalSection(SolutionProperties) = preSolution
		HideSolutionNode = FALSE
	EndGlobalSection
	GlobalSection(ExtensibilityGlobals) = postSolution
		SolutionGuid = {5B0B14A7-F7A0-42B1-A77E-603C54D51270}
	EndGlobalSection
EndGlobal
